<?xml version="1.0" encoding="UTF-8" standalone="yes" ?>
<CodeBlocks_project_file>
	<FileVersion major="1" minor="6" />
	<Project>
		<Option title="Criminalis_Record" />
		<Option pch_mode="2" />
		<Option compiler="gcc" />
		<Build>
			<Target title="Debug">
				<Option output="bin/Debug/Criminalis_Record" prefix_auto="1" extension_auto="1" />
				<Option object_output="obj/Debug/" />
				<Option type="1" />
				<Option compiler="gcc" />
				<Compiler>
					<Add option="-g" />
					<Add directory="include" />
				</Compiler>
			</Target>
			<Target title="Release">
				<Option output="bin/Release/Criminalis_Record" prefix_auto="1" extension_auto="1" />
				<Option object_output="obj/Release/" />
				<Option type="1" />
				<Option compiler="gcc" />
				<Compiler>
					<Add option="-O2" />
					<Add directory="include" />
				</Compiler>
				<Linker>
					<Add option="-s" />
				</Linker>
			</Target>
		</Build>
		<Compiler>
			<Add option="-Wall" />
			<Add option="-fexceptions" />
		</Compiler>
		<Unit filename="include/Admin.h" />
		<Unit filename="include/Case.h" />
		<Unit filename="include/Criminal.h" />
		<Unit filename="include/Person.h" />
		<Unit filename="include/Police.h" />
		<Unit filename="include/Victim.h" />
		<Unit filename="include/time_function.h" />
		<Unit filename="include/timer.h" />
		<Unit filename="main.cpp" />
		<Unit filename="src/Admin.cpp" />
		<Unit filename="src/Case.cpp" />
		<Unit filename="src/Criminal.cpp" />
		<Unit filename="src/Person.cpp" />
		<Unit filename="src/Police.cpp" />
		<Unit filename="src/Victim.cpp" />
		<Unit filename="src/time_function.cpp" />
		<Extensions>
			<code_completion />
			<envvars />
			<debugger />
			<lib_finder disable_auto="1" />
		</Extensions>
	</Project>
</CodeBlocks_project_file>
